PODS:
  - Alamofire (3.3.0)
  - DGElasticPullToRefresh (1.0.3)
  - HTMLReader (0.9.5)
  - ObjectMapper (1.2.0)
  - RxBlocking (2.3.1):
    - RxSwift (~> 2.3.1)
  - RxCocoa (2.3.1):
    - RxSwift (~> 2.3.1)
  - RxSwift (2.3.1)
  - SDWebImage (3.7.5):
    - SDWebImage/Core (= 3.7.5)
  - SDWebImage/Core (3.7.5)
  - SVProgressHUD (2.0.2)

DEPENDENCIES:
  - Alamofire
  - DGElasticPullToRefresh
  - HTMLReader
  - ObjectMapper
  - RxBlocking
  - RxCocoa
  - RxSwift
  - SDWebImage
  - SVProgressHUD

SPEC CHECKSUMS:
  Alamofire: 9054db4a1b1ca9e363223183e01cea380159a27c
  DGElasticPullToRefresh: 040f39ae69840b3261d163fe6735c5901bf851e9
  HTMLReader: dc02112d761cc346e248e3f65f8b263a062e9934
  ObjectMapper: b1e9c7c8a9f6400b72690c80072c131504caa66f
  RxBlocking: 84fd81865a641a3843b33bae7b8315e78ddbd383
  RxCocoa: a2baaf3462b989559a51dce59d78fbebb8fe0afa
  RxSwift: 829b2843e9eddc77a02cb3f5117f0d55f8f646f1
  SDWebImage: 69c6303e3348fba97e03f65d65d4fbc26740f461
  SVProgressHUD: e4020e23badbd7cc61bc4a80d3c1da57f166a978

COCOAPODS: 0.39.0
